// !$*UTF8*$!
{
	archiveVersion = 1;
	classes = {
	};
	objectVersion = 56;
	objects = {

/* Begin PBXBuildFile section */
		080D17A83182CD33DDCEFEE7 /* AppCoordinator.swift in Sources */ = {isa = PBXBuildFile; fileRef = 6B5025D03E8BC208A38D405D /* AppCoordinator.swift */; };
		9E60F864F441CF65B83D818A /* AppStore.swift in Sources */ = {isa = PBXBuildFile; fileRef = B51D5D193ADA4627FFCE621E /* AppStore.swift */; };
		AA75D484B1D30B2D64C55FD3 /* AppColors.swift in Sources */ = {isa = PBXBuildFile; fileRef = 08084EE98332C5F6E69FC871 /* AppColors.swift */; };
		7194B7A38BF364F1D5147D88 /* AppTypography.swift in Sources */ = {isa = PBXBuildFile; fileRef = BBC031472AAA1EC74D75E279 /* AppTypography.swift */; };
		A32FEE96528451E3AA03DE1B /* GlassCard.swift in Sources */ = {isa = PBXBuildFile; fileRef = E505FC6938F78F58D5111BF2 /* GlassCard.swift */; };
		CDA9807F4496729A32FECC42 /* GradientBackground.swift in Sources */ = {isa = PBXBuildFile; fileRef = AEB60067025EEE78B7AF22FC /* GradientBackground.swift */; };
		C91C82DFF26C94B98B65E584 /* PageIndicator.swift in Sources */ = {isa = PBXBuildFile; fileRef = 887BC54B61BCA96E23839BA0 /* PageIndicator.swift */; };
		187BDFAA22AEE194740A56C7 /* PrimaryButton.swift in Sources */ = {isa = PBXBuildFile; fileRef = 2AA7CFCF6984A6BD29D9B7D5 /* PrimaryButton.swift */; };
		75DED1E49FD3556399FB06DE /* AddWarrantyView.swift in Sources */ = {isa = PBXBuildFile; fileRef = E0CE25BDF9BBE41D2254BBD8 /* AddWarrantyView.swift */; };
		E7A0997F1D19B7D57707BD5B /* CameraPicker.swift in Sources */ = {isa = PBXBuildFile; fileRef = 395416B988E7894C920EE8F6 /* CameraPicker.swift */; };
		49C08C7C48D4D59962336777 /* LocationPickerView.swift in Sources */ = {isa = PBXBuildFile; fileRef = 1CDFC5EF569FED8CE46AB3E2 /* LocationPickerView.swift */; };
		190D98B557B268DEF1B6906F /* AuthenticationView.swift in Sources */ = {isa = PBXBuildFile; fileRef = 42DBB6488DBB39D2383AE76B /* AuthenticationView.swift */; };
		9F51A559E62A9547D99E16A8 /* MainAppPlaceholderView.swift in Sources */ = {isa = PBXBuildFile; fileRef = 095254A4332EF34AFA688196 /* MainAppPlaceholderView.swift */; };
		6A50B6D38BEE6D33DCC6A4D6 /* ClaimChatView.swift in Sources */ = {isa = PBXBuildFile; fileRef = 95A47CEA66A2F6C68CAC6243 /* ClaimChatView.swift */; };
		27B07B4BB2078A4D5FD9A421 /* ClaimsListView.swift in Sources */ = {isa = PBXBuildFile; fileRef = 08336CB9A2B2301A0574C44B /* ClaimsListView.swift */; };
		B5418D5D20B56D2DBE53B31B /* ClaimStatusView.swift in Sources */ = {isa = PBXBuildFile; fileRef = F2D9BB87D4EF8DC3D04C48C4 /* ClaimStatusView.swift */; };
		FFF0AB086A7831F262AA6A3B /* FileClaimView.swift in Sources */ = {isa = PBXBuildFile; fileRef = 2C44CDB6A511F95BBEE288B2 /* FileClaimView.swift */; };
		C3C5A621ED993637E797C407 /* DashboardView.swift in Sources */ = {isa = PBXBuildFile; fileRef = 201496A8EB94AF1DA1AA1E02 /* DashboardView.swift */; };
		2131A1400F5B9770FF75EA63 /* HouseholdCreateJoinView.swift in Sources */ = {isa = PBXBuildFile; fileRef = E0F822488B1123A47CDD3358 /* HouseholdCreateJoinView.swift */; };
		727A698B7AB2DACC8EA049E2 /* HouseholdHubView.swift in Sources */ = {isa = PBXBuildFile; fileRef = 80902AB9904C5C9462ECF0F9 /* HouseholdHubView.swift */; };
		B4535682A8FCA815384A59D1 /* InviteMemberView.swift in Sources */ = {isa = PBXBuildFile; fileRef = 96AC6A7293978C458ABEBF4D /* InviteMemberView.swift */; };
		B31F0C9483A91853F7C8F79B /* MainTabView.swift in Sources */ = {isa = PBXBuildFile; fileRef = B8939F9C4055C8C84F2C1B3E /* MainTabView.swift */; };
		5E288C0AE3355E56A76AEA44 /* OnboardingContainerView.swift in Sources */ = {isa = PBXBuildFile; fileRef = 79A6FD4962999E1ABDA2D0E6 /* OnboardingContainerView.swift */; };
		CFAE7D880189922883935864 /* OnboardingData.swift in Sources */ = {isa = PBXBuildFile; fileRef = 902DD5128FE982DF03E147BF /* OnboardingData.swift */; };
		FF3614C9969C655B360882AC /* OnboardingIllustrationView.swift in Sources */ = {isa = PBXBuildFile; fileRef = 6B84FE987CFD544215D02529 /* OnboardingIllustrationView.swift */; };
		CC7BA39AEEEF90C68C2B3F95 /* OnboardingPageView.swift in Sources */ = {isa = PBXBuildFile; fileRef = 14302FE240598CD2938ADE56 /* OnboardingPageView.swift */; };
		5CEABA0D97701AF4125EF0F5 /* ProfileView.swift in Sources */ = {isa = PBXBuildFile; fileRef = DABDF9F4D19DFE43FB93D3D2 /* ProfileView.swift */; };
		FE18840EEFE27BFEED02B3F0 /* SplashView.swift in Sources */ = {isa = PBXBuildFile; fileRef = 0A574EE65BEC3076702D270F /* SplashView.swift */; };
		120368A61C1AD96083CC3C51 /* WarrantyDetailView.swift in Sources */ = {isa = PBXBuildFile; fileRef = A62449098787AC125A5B7092 /* WarrantyDetailView.swift */; };
		61DF2F924F9671B11D5FF995 /* Claim.swift in Sources */ = {isa = PBXBuildFile; fileRef = 0BFCF47C94865CCCA1C7C67D /* Claim.swift */; };
		0479360A5A42B9DF4D703D7E /* Household.swift in Sources */ = {isa = PBXBuildFile; fileRef = EEABCA8C5DFDBD2A5000D4C1 /* Household.swift */; };
		D70E031C9280F1D196142A9A /* MockData.swift in Sources */ = {isa = PBXBuildFile; fileRef = 84587C2D80F1CAF473030EBD /* MockData.swift */; };
		D240F337153C0F769B7087AF /* Warranty.swift in Sources */ = {isa = PBXBuildFile; fileRef = DA25800BB215D55C4CCF1857 /* Warranty.swift */; };
		810EBA880308D9227B6EDBF6 /* ActivityEntry+Bridge.swift in Sources */ = {isa = PBXBuildFile; fileRef = 4FD921B5B7D139EF8D6A0829 /* ActivityEntry+Bridge.swift */; };
		4091E80973510EB7EDCA8D28 /* Claim+Bridge.swift in Sources */ = {isa = PBXBuildFile; fileRef = E06580A71FD35BFC9949114A /* Claim+Bridge.swift */; };
		7E3B033B23443735025B73A5 /* Warranty+Bridge.swift in Sources */ = {isa = PBXBuildFile; fileRef = 61C501E5261B4DDB5063E6AD /* Warranty+Bridge.swift */; };
		8E84165FBA59C65C03B3409C /* CalendarService.swift in Sources */ = {isa = PBXBuildFile; fileRef = CC325F5D55C9303B3E0E2C29 /* CalendarService.swift */; };
		3D56A0A5904BBB61177C5B32 /* ActivityEntity+CoreDataClass.swift in Sources */ = {isa = PBXBuildFile; fileRef = 8DAFC14F269EDBCF63BA1C54 /* ActivityEntity+CoreDataClass.swift */; };
		E3D799E6CDCE0F0302038E34 /* ActivityEntity+CoreDataProperties.swift in Sources */ = {isa = PBXBuildFile; fileRef = 6683EFCB65871313418473DD /* ActivityEntity+CoreDataProperties.swift */; };
		1470AA848B0F828AD5F86463 /* ClaimEntity+CoreDataClass.swift in Sources */ = {isa = PBXBuildFile; fileRef = 0B7A2788E57165228D71ECD9 /* ClaimEntity+CoreDataClass.swift */; };
		875DD61EB0B341FBB313E6CF /* ClaimEntity+CoreDataProperties.swift in Sources */ = {isa = PBXBuildFile; fileRef = 289A7F013E6181ECDF8AB5DC /* ClaimEntity+CoreDataProperties.swift */; };
		09F01F53591CEEF0B7C10FE4 /* WarrantyEntity+CoreDataClass.swift in Sources */ = {isa = PBXBuildFile; fileRef = 9D60B2675D348951D4CE1505 /* WarrantyEntity+CoreDataClass.swift */; };
		9803F7CBC316BB8060ED16A5 /* WarrantyEntity+CoreDataProperties.swift in Sources */ = {isa = PBXBuildFile; fileRef = B24AEE743D783631FEBFA450 /* WarrantyEntity+CoreDataProperties.swift */; };
		5CF68C559D36CB928C31585A /* ImageProcessing.swift in Sources */ = {isa = PBXBuildFile; fileRef = 2ECDE40458958063EEA2BEEC /* ImageProcessing.swift */; };
		C87BAB3D4406779D878A957F /* LocationService.swift in Sources */ = {isa = PBXBuildFile; fileRef = 4CBA6CECEE989193FA10E3B5 /* LocationService.swift */; };
		533D78D209768B0620E806B4 /* NotificationService.swift in Sources */ = {isa = PBXBuildFile; fileRef = A1742C9D25B10917F452469D /* NotificationService.swift */; };
		C2547F273BC1D92C0CE36C8F /* PersistenceController.swift in Sources */ = {isa = PBXBuildFile; fileRef = 5E97D67F3238351114B404D4 /* PersistenceController.swift */; };
		67A5D492E2010B560E6666D4 /* ReceiptScanner.swift in Sources */ = {isa = PBXBuildFile; fileRef = 0605DE40290970C2D42A6772 /* ReceiptScanner.swift */; };
		09A4B4018EE19DB9F182FB10 /* WarrantyVaultApp.swift in Sources */ = {isa = PBXBuildFile; fileRef = 2855521D3CECE57610385E92 /* WarrantyVaultApp.swift */; };
		75A5C27DF026105D470D59C2 /* WarrantyVault.xcdatamodeld in Sources */ = {isa = PBXBuildFile; fileRef = 8A33099F64A214C051F2B74C /* WarrantyVault.xcdatamodeld */; };
		9C4613ADC9B57FC436F0057B /* Assets.xcassets in Resources */ = {isa = PBXBuildFile; fileRef = B45634CEEE3EB39F8AD6FF61 /* Assets.xcassets */; };
		8BE3FD3DC3C460B44F100F2E /* Preview Assets.xcassets in Resources */ = {isa = PBXBuildFile; fileRef = 757D7FD6E847403B72ECD838 /* Preview Assets.xcassets */; };
/* End PBXBuildFile section */

/* Begin PBXFileReference section */
		58FCACEE6471C6F0EA7A8575 /* WarrantyVault.app */ = {isa = PBXFileReference; explicitFileType = wrapper.application; includeInIndex = 0; path = WarrantyVault.app; sourceTree = BUILT_PRODUCTS_DIR; };
		6B5025D03E8BC208A38D405D /* AppCoordinator.swift */ = {isa = PBXFileReference; lastKnownFileType = sourcecode.swift; path = "AppCoordinator.swift"; sourceTree = "<group>"; };
		B51D5D193ADA4627FFCE621E /* AppStore.swift */ = {isa = PBXFileReference; lastKnownFileType = sourcecode.swift; path = "AppStore.swift"; sourceTree = "<group>"; };
		08084EE98332C5F6E69FC871 /* AppColors.swift */ = {isa = PBXFileReference; lastKnownFileType = sourcecode.swift; path = "AppColors.swift"; sourceTree = "<group>"; };
		BBC031472AAA1EC74D75E279 /* AppTypography.swift */ = {isa = PBXFileReference; lastKnownFileType = sourcecode.swift; path = "AppTypography.swift"; sourceTree = "<group>"; };
		E505FC6938F78F58D5111BF2 /* GlassCard.swift */ = {isa = PBXFileReference; lastKnownFileType = sourcecode.swift; path = "GlassCard.swift"; sourceTree = "<group>"; };
		AEB60067025EEE78B7AF22FC /* GradientBackground.swift */ = {isa = PBXFileReference; lastKnownFileType = sourcecode.swift; path = "GradientBackground.swift"; sourceTree = "<group>"; };
		887BC54B61BCA96E23839BA0 /* PageIndicator.swift */ = {isa = PBXFileReference; lastKnownFileType = sourcecode.swift; path = "PageIndicator.swift"; sourceTree = "<group>"; };
		2AA7CFCF6984A6BD29D9B7D5 /* PrimaryButton.swift */ = {isa = PBXFileReference; lastKnownFileType = sourcecode.swift; path = "PrimaryButton.swift"; sourceTree = "<group>"; };
		E0CE25BDF9BBE41D2254BBD8 /* AddWarrantyView.swift */ = {isa = PBXFileReference; lastKnownFileType = sourcecode.swift; path = "AddWarrantyView.swift"; sourceTree = "<group>"; };
		395416B988E7894C920EE8F6 /* CameraPicker.swift */ = {isa = PBXFileReference; lastKnownFileType = sourcecode.swift; path = "CameraPicker.swift"; sourceTree = "<group>"; };
		1CDFC5EF569FED8CE46AB3E2 /* LocationPickerView.swift */ = {isa = PBXFileReference; lastKnownFileType = sourcecode.swift; path = "LocationPickerView.swift"; sourceTree = "<group>"; };
		42DBB6488DBB39D2383AE76B /* AuthenticationView.swift */ = {isa = PBXFileReference; lastKnownFileType = sourcecode.swift; path = "AuthenticationView.swift"; sourceTree = "<group>"; };
		095254A4332EF34AFA688196 /* MainAppPlaceholderView.swift */ = {isa = PBXFileReference; lastKnownFileType = sourcecode.swift; path = "MainAppPlaceholderView.swift"; sourceTree = "<group>"; };
		95A47CEA66A2F6C68CAC6243 /* ClaimChatView.swift */ = {isa = PBXFileReference; lastKnownFileType = sourcecode.swift; path = "ClaimChatView.swift"; sourceTree = "<group>"; };
		08336CB9A2B2301A0574C44B /* ClaimsListView.swift */ = {isa = PBXFileReference; lastKnownFileType = sourcecode.swift; path = "ClaimsListView.swift"; sourceTree = "<group>"; };
		F2D9BB87D4EF8DC3D04C48C4 /* ClaimStatusView.swift */ = {isa = PBXFileReference; lastKnownFileType = sourcecode.swift; path = "ClaimStatusView.swift"; sourceTree = "<group>"; };
		2C44CDB6A511F95BBEE288B2 /* FileClaimView.swift */ = {isa = PBXFileReference; lastKnownFileType = sourcecode.swift; path = "FileClaimView.swift"; sourceTree = "<group>"; };
		201496A8EB94AF1DA1AA1E02 /* DashboardView.swift */ = {isa = PBXFileReference; lastKnownFileType = sourcecode.swift; path = "DashboardView.swift"; sourceTree = "<group>"; };
		E0F822488B1123A47CDD3358 /* HouseholdCreateJoinView.swift */ = {isa = PBXFileReference; lastKnownFileType = sourcecode.swift; path = "HouseholdCreateJoinView.swift"; sourceTree = "<group>"; };
		80902AB9904C5C9462ECF0F9 /* HouseholdHubView.swift */ = {isa = PBXFileReference; lastKnownFileType = sourcecode.swift; path = "HouseholdHubView.swift"; sourceTree = "<group>"; };
		96AC6A7293978C458ABEBF4D /* InviteMemberView.swift */ = {isa = PBXFileReference; lastKnownFileType = sourcecode.swift; path = "InviteMemberView.swift"; sourceTree = "<group>"; };
		B8939F9C4055C8C84F2C1B3E /* MainTabView.swift */ = {isa = PBXFileReference; lastKnownFileType = sourcecode.swift; path = "MainTabView.swift"; sourceTree = "<group>"; };
		79A6FD4962999E1ABDA2D0E6 /* OnboardingContainerView.swift */ = {isa = PBXFileReference; lastKnownFileType = sourcecode.swift; path = "OnboardingContainerView.swift"; sourceTree = "<group>"; };
		902DD5128FE982DF03E147BF /* OnboardingData.swift */ = {isa = PBXFileReference; lastKnownFileType = sourcecode.swift; path = "OnboardingData.swift"; sourceTree = "<group>"; };
		6B84FE987CFD544215D02529 /* OnboardingIllustrationView.swift */ = {isa = PBXFileReference; lastKnownFileType = sourcecode.swift; path = "OnboardingIllustrationView.swift"; sourceTree = "<group>"; };
		14302FE240598CD2938ADE56 /* OnboardingPageView.swift */ = {isa = PBXFileReference; lastKnownFileType = sourcecode.swift; path = "OnboardingPageView.swift"; sourceTree = "<group>"; };
		DABDF9F4D19DFE43FB93D3D2 /* ProfileView.swift */ = {isa = PBXFileReference; lastKnownFileType = sourcecode.swift; path = "ProfileView.swift"; sourceTree = "<group>"; };
		0A574EE65BEC3076702D270F /* SplashView.swift */ = {isa = PBXFileReference; lastKnownFileType = sourcecode.swift; path = "SplashView.swift"; sourceTree = "<group>"; };
		A62449098787AC125A5B7092 /* WarrantyDetailView.swift */ = {isa = PBXFileReference; lastKnownFileType = sourcecode.swift; path = "WarrantyDetailView.swift"; sourceTree = "<group>"; };
		0BFCF47C94865CCCA1C7C67D /* Claim.swift */ = {isa = PBXFileReference; lastKnownFileType = sourcecode.swift; path = "Claim.swift"; sourceTree = "<group>"; };
		EEABCA8C5DFDBD2A5000D4C1 /* Household.swift */ = {isa = PBXFileReference; lastKnownFileType = sourcecode.swift; path = "Household.swift"; sourceTree = "<group>"; };
		84587C2D80F1CAF473030EBD /* MockData.swift */ = {isa = PBXFileReference; lastKnownFileType = sourcecode.swift; path = "MockData.swift"; sourceTree = "<group>"; };
		DA25800BB215D55C4CCF1857 /* Warranty.swift */ = {isa = PBXFileReference; lastKnownFileType = sourcecode.swift; path = "Warranty.swift"; sourceTree = "<group>"; };
		4FD921B5B7D139EF8D6A0829 /* ActivityEntry+Bridge.swift */ = {isa = PBXFileReference; lastKnownFileType = sourcecode.swift; path = "ActivityEntry+Bridge.swift"; sourceTree = "<group>"; };
		E06580A71FD35BFC9949114A /* Claim+Bridge.swift */ = {isa = PBXFileReference; lastKnownFileType = sourcecode.swift; path = "Claim+Bridge.swift"; sourceTree = "<group>"; };
		61C501E5261B4DDB5063E6AD /* Warranty+Bridge.swift */ = {isa = PBXFileReference; lastKnownFileType = sourcecode.swift; path = "Warranty+Bridge.swift"; sourceTree = "<group>"; };
		CC325F5D55C9303B3E0E2C29 /* CalendarService.swift */ = {isa = PBXFileReference; lastKnownFileType = sourcecode.swift; path = "CalendarService.swift"; sourceTree = "<group>"; };
		8DAFC14F269EDBCF63BA1C54 /* ActivityEntity+CoreDataClass.swift */ = {isa = PBXFileReference; lastKnownFileType = sourcecode.swift; path = "ActivityEntity+CoreDataClass.swift"; sourceTree = "<group>"; };
		6683EFCB65871313418473DD /* ActivityEntity+CoreDataProperties.swift */ = {isa = PBXFileReference; lastKnownFileType = sourcecode.swift; path = "ActivityEntity+CoreDataProperties.swift"; sourceTree = "<group>"; };
		0B7A2788E57165228D71ECD9 /* ClaimEntity+CoreDataClass.swift */ = {isa = PBXFileReference; lastKnownFileType = sourcecode.swift; path = "ClaimEntity+CoreDataClass.swift"; sourceTree = "<group>"; };
		289A7F013E6181ECDF8AB5DC /* ClaimEntity+CoreDataProperties.swift */ = {isa = PBXFileReference; lastKnownFileType = sourcecode.swift; path = "ClaimEntity+CoreDataProperties.swift"; sourceTree = "<group>"; };
		9D60B2675D348951D4CE1505 /* WarrantyEntity+CoreDataClass.swift */ = {isa = PBXFileReference; lastKnownFileType = sourcecode.swift; path = "WarrantyEntity+CoreDataClass.swift"; sourceTree = "<group>"; };
		B24AEE743D783631FEBFA450 /* WarrantyEntity+CoreDataProperties.swift */ = {isa = PBXFileReference; lastKnownFileType = sourcecode.swift; path = "WarrantyEntity+CoreDataProperties.swift"; sourceTree = "<group>"; };
		2ECDE40458958063EEA2BEEC /* ImageProcessing.swift */ = {isa = PBXFileReference; lastKnownFileType = sourcecode.swift; path = "ImageProcessing.swift"; sourceTree = "<group>"; };
		4CBA6CECEE989193FA10E3B5 /* LocationService.swift */ = {isa = PBXFileReference; lastKnownFileType = sourcecode.swift; path = "LocationService.swift"; sourceTree = "<group>"; };
		A1742C9D25B10917F452469D /* NotificationService.swift */ = {isa = PBXFileReference; lastKnownFileType = sourcecode.swift; path = "NotificationService.swift"; sourceTree = "<group>"; };
		5E97D67F3238351114B404D4 /* PersistenceController.swift */ = {isa = PBXFileReference; lastKnownFileType = sourcecode.swift; path = "PersistenceController.swift"; sourceTree = "<group>"; };
		0605DE40290970C2D42A6772 /* ReceiptScanner.swift */ = {isa = PBXFileReference; lastKnownFileType = sourcecode.swift; path = "ReceiptScanner.swift"; sourceTree = "<group>"; };
		2855521D3CECE57610385E92 /* WarrantyVaultApp.swift */ = {isa = PBXFileReference; lastKnownFileType = sourcecode.swift; path = "WarrantyVaultApp.swift"; sourceTree = "<group>"; };
		B45634CEEE3EB39F8AD6FF61 /* Assets.xcassets */ = {isa = PBXFileReference; lastKnownFileType = folder.assetcatalog; path = "Assets.xcassets"; sourceTree = "<group>"; };
		757D7FD6E847403B72ECD838 /* Preview Assets.xcassets */ = {isa = PBXFileReference; lastKnownFileType = folder.assetcatalog; path = "Preview Assets.xcassets"; sourceTree = "<group>"; };
		A76F63FEB525BAB2DC000E15 /* WarrantyVault 2.xcdatamodel */ = {isa = PBXFileReference; lastKnownFileType = wrapper.xcdatamodel; path = "WarrantyVault 2.xcdatamodel"; sourceTree = "<group>"; };
		E78A845584175F04D717E134 /* WarrantyVault 3.xcdatamodel */ = {isa = PBXFileReference; lastKnownFileType = wrapper.xcdatamodel; path = "WarrantyVault 3.xcdatamodel"; sourceTree = "<group>"; };
		8B241F3F735E85EE0A4C7A95 /* WarrantyVault 4.xcdatamodel */ = {isa = PBXFileReference; lastKnownFileType = wrapper.xcdatamodel; path = "WarrantyVault 4.xcdatamodel"; sourceTree = "<group>"; };
		211E0E3500BECD7248EC6A15 /* WarrantyVault 5.xcdatamodel */ = {isa = PBXFileReference; lastKnownFileType = wrapper.xcdatamodel; path = "WarrantyVault 5.xcdatamodel"; sourceTree = "<group>"; };
		EE093E46BBB7A5A72250A01C /* WarrantyVault.xcdatamodel */ = {isa = PBXFileReference; lastKnownFileType = wrapper.xcdatamodel; path = "WarrantyVault.xcdatamodel"; sourceTree = "<group>"; };
/* End PBXFileReference section */

/* Begin PBXFrameworksBuildPhase section */
		DFA0ACACB013068B06C33F96 /* Frameworks */ = {
			isa = PBXFrameworksBuildPhase;
			buildActionMask = 2147483647;
			files = (
			);
			runOnlyForDeploymentPostprocessing = 0;
		};
/* End PBXFrameworksBuildPhase section */

/* Begin PBXGroup section */
		0FC4D4225F8AED18EE7FD8F8 = {
			isa = PBXGroup;
			children = (
				25D8D3C2BDB8A1DC3E5E78E4 /* WarrantyVault */,
				C769FEA752C22F7B25D62158 /* Products */,
			);
			sourceTree = "<group>";
		};
		C769FEA752C22F7B25D62158 /* Products */ = {
			isa = PBXGroup;
			children = (
				58FCACEE6471C6F0EA7A8575 /* WarrantyVault.app */,
			);
			name = Products;
			sourceTree = "<group>";
		};
		25D8D3C2BDB8A1DC3E5E78E4 /* WarrantyVault */ = {
			isa = PBXGroup;
			children = (
				0D008C1A21B7BC2A24E7FF04 /* App */,
				09705805699FF62331F5009C /* DesignSystem */,
				66125CDA0D2A8E79D916935C /* Features */,
				C1AFDCBE9747978E1E0A00B6 /* Models */,
				FC3AF74B6ABE838C3AF59064 /* Persistence */,
				66D135FABC7EEA8D46FC2B53 /* Preview Content */,
				B45634CEEE3EB39F8AD6FF61 /* Assets.xcassets */,
				2855521D3CECE57610385E92 /* WarrantyVaultApp.swift */,
			);
			path = WarrantyVault;
			sourceTree = "<group>";
		};
		0D008C1A21B7BC2A24E7FF04 /* App */ = {
			isa = PBXGroup;
			children = (
				6B5025D03E8BC208A38D405D /* AppCoordinator.swift */,
				B51D5D193ADA4627FFCE621E /* AppStore.swift */,
			);
			path = "App";
			sourceTree = "<group>";
		};
		09705805699FF62331F5009C /* DesignSystem */ = {
			isa = PBXGroup;
			children = (
				08084EE98332C5F6E69FC871 /* AppColors.swift */,
				BBC031472AAA1EC74D75E279 /* AppTypography.swift */,
				E505FC6938F78F58D5111BF2 /* GlassCard.swift */,
				AEB60067025EEE78B7AF22FC /* GradientBackground.swift */,
				887BC54B61BCA96E23839BA0 /* PageIndicator.swift */,
				2AA7CFCF6984A6BD29D9B7D5 /* PrimaryButton.swift */,
			);
			path = "DesignSystem";
			sourceTree = "<group>";
		};
		66125CDA0D2A8E79D916935C /* Features */ = {
			isa = PBXGroup;
			children = (
				F1FA1D03BF65F7F562DBCCDC /* AddWarranty */,
				A390140E3475AF17E98DD38C /* Authentication */,
				5BA652A257FE4F6EED9E0AF8 /* Claim */,
				00D90C097BE66951372CDF9D /* Dashboard */,
				A5895810D17A573D406829C2 /* Household */,
				7ECBA18BD5E708B24E2CA851 /* MainTab */,
				5F7E28E9D8CF4089873EB0F1 /* Onboarding */,
				090929A5E75239A742BB34B1 /* Profile */,
				817A4530C59ECDC10D9F3C29 /* Splash */,
				E9292D3E0216AF91F90DA87A /* WarrantyDetail */,
			);
			path = "Features";
			sourceTree = "<group>";
		};
		F1FA1D03BF65F7F562DBCCDC /* AddWarranty */ = {
			isa = PBXGroup;
			children = (
				E0CE25BDF9BBE41D2254BBD8 /* AddWarrantyView.swift */,
				395416B988E7894C920EE8F6 /* CameraPicker.swift */,
				1CDFC5EF569FED8CE46AB3E2 /* LocationPickerView.swift */,
			);
			path = "AddWarranty";
			sourceTree = "<group>";
		};
		A390140E3475AF17E98DD38C /* Authentication */ = {
			isa = PBXGroup;
			children = (
				42DBB6488DBB39D2383AE76B /* AuthenticationView.swift */,
				095254A4332EF34AFA688196 /* MainAppPlaceholderView.swift */,
			);
			path = "Authentication";
			sourceTree = "<group>";
		};
		5BA652A257FE4F6EED9E0AF8 /* Claim */ = {
			isa = PBXGroup;
			children = (
				95A47CEA66A2F6C68CAC6243 /* ClaimChatView.swift */,
				08336CB9A2B2301A0574C44B /* ClaimsListView.swift */,
				F2D9BB87D4EF8DC3D04C48C4 /* ClaimStatusView.swift */,
				2C44CDB6A511F95BBEE288B2 /* FileClaimView.swift */,
			);
			path = "Claim";
			sourceTree = "<group>";
		};
		00D90C097BE66951372CDF9D /* Dashboard */ = {
			isa = PBXGroup;
			children = (
				201496A8EB94AF1DA1AA1E02 /* DashboardView.swift */,
			);
			path = "Dashboard";
			sourceTree = "<group>";
		};
		A5895810D17A573D406829C2 /* Household */ = {
			isa = PBXGroup;
			children = (
				E0F822488B1123A47CDD3358 /* HouseholdCreateJoinView.swift */,
				80902AB9904C5C9462ECF0F9 /* HouseholdHubView.swift */,
				96AC6A7293978C458ABEBF4D /* InviteMemberView.swift */,
			);
			path = "Household";
			sourceTree = "<group>";
		};
		7ECBA18BD5E708B24E2CA851 /* MainTab */ = {
			isa = PBXGroup;
			children = (
				B8939F9C4055C8C84F2C1B3E /* MainTabView.swift */,
			);
			path = "MainTab";
			sourceTree = "<group>";
		};
		5F7E28E9D8CF4089873EB0F1 /* Onboarding */ = {
			isa = PBXGroup;
			children = (
				79A6FD4962999E1ABDA2D0E6 /* OnboardingContainerView.swift */,
				902DD5128FE982DF03E147BF /* OnboardingData.swift */,
				6B84FE987CFD544215D02529 /* OnboardingIllustrationView.swift */,
				14302FE240598CD2938ADE56 /* OnboardingPageView.swift */,
			);
			path = "Onboarding";
			sourceTree = "<group>";
		};
		090929A5E75239A742BB34B1 /* Profile */ = {
			isa = PBXGroup;
			children = (
				DABDF9F4D19DFE43FB93D3D2 /* ProfileView.swift */,
			);
			path = "Profile";
			sourceTree = "<group>";
		};
		817A4530C59ECDC10D9F3C29 /* Splash */ = {
			isa = PBXGroup;
			children = (
				0A574EE65BEC3076702D270F /* SplashView.swift */,
			);
			path = "Splash";
			sourceTree = "<group>";
		};
		E9292D3E0216AF91F90DA87A /* WarrantyDetail */ = {
			isa = PBXGroup;
			children = (
				A62449098787AC125A5B7092 /* WarrantyDetailView.swift */,
			);
			path = "WarrantyDetail";
			sourceTree = "<group>";
		};
		C1AFDCBE9747978E1E0A00B6 /* Models */ = {
			isa = PBXGroup;
			children = (
				0BFCF47C94865CCCA1C7C67D /* Claim.swift */,
				EEABCA8C5DFDBD2A5000D4C1 /* Household.swift */,
				84587C2D80F1CAF473030EBD /* MockData.swift */,
				DA25800BB215D55C4CCF1857 /* Warranty.swift */,
			);
			path = "Models";
			sourceTree = "<group>";
		};
		FC3AF74B6ABE838C3AF59064 /* Persistence */ = {
			isa = PBXGroup;
			children = (
				1C0D4DE3AA05F5F407F5F402 /* Bridging */,
				0C846BAFF22516A808F23DDF /* Entities */,
				CC325F5D55C9303B3E0E2C29 /* CalendarService.swift */,
				2ECDE40458958063EEA2BEEC /* ImageProcessing.swift */,
				4CBA6CECEE989193FA10E3B5 /* LocationService.swift */,
				A1742C9D25B10917F452469D /* NotificationService.swift */,
				5E97D67F3238351114B404D4 /* PersistenceController.swift */,
				0605DE40290970C2D42A6772 /* ReceiptScanner.swift */,
				8A33099F64A214C051F2B74C /* WarrantyVault.xcdatamodeld */,
			);
			path = "Persistence";
			sourceTree = "<group>";
		};
		1C0D4DE3AA05F5F407F5F402 /* Bridging */ = {
			isa = PBXGroup;
			children = (
				4FD921B5B7D139EF8D6A0829 /* ActivityEntry+Bridge.swift */,
				E06580A71FD35BFC9949114A /* Claim+Bridge.swift */,
				61C501E5261B4DDB5063E6AD /* Warranty+Bridge.swift */,
			);
			path = "Bridging";
			sourceTree = "<group>";
		};
		0C846BAFF22516A808F23DDF /* Entities */ = {
			isa = PBXGroup;
			children = (
				8DAFC14F269EDBCF63BA1C54 /* ActivityEntity+CoreDataClass.swift */,
				6683EFCB65871313418473DD /* ActivityEntity+CoreDataProperties.swift */,
				0B7A2788E57165228D71ECD9 /* ClaimEntity+CoreDataClass.swift */,
				289A7F013E6181ECDF8AB5DC /* ClaimEntity+CoreDataProperties.swift */,
				9D60B2675D348951D4CE1505 /* WarrantyEntity+CoreDataClass.swift */,
				B24AEE743D783631FEBFA450 /* WarrantyEntity+CoreDataProperties.swift */,
			);
			path = "Entities";
			sourceTree = "<group>";
		};
		66D135FABC7EEA8D46FC2B53 /* Preview Content */ = {
			isa = PBXGroup;
			children = (
				757D7FD6E847403B72ECD838 /* Preview Assets.xcassets */,
			);
			path = "Preview Content";
			sourceTree = "<group>";
		};
/* End PBXGroup section */

/* Begin PBXNativeTarget section */
		4463214C206F029C3B6CF93B /* WarrantyVault */ = {
			isa = PBXNativeTarget;
			buildConfigurationList = 5BB661493CBAB43CD07D2832;
			buildPhases = (
				A0C8AC3BB31C2095048B84B1 /* Sources */,
				DFA0ACACB013068B06C33F96 /* Frameworks */,
				7EDFEA8F93482F045AEE22C6 /* Resources */,
			);
			buildRules = (
			);
			dependencies = (
			);
			name = WarrantyVault;
			productName = WarrantyVault;
			productReference = 58FCACEE6471C6F0EA7A8575;
			productType = "com.apple.product-type.application";
		};
/* End PBXNativeTarget section */

/* Begin PBXProject section */
		4907EFA227030F13220C7AA7 /* Project object */ = {
			isa = PBXProject;
			attributes = {
				BuildIndependentTargetsInParallel = 1;
				LastSwiftUpdateCheck = 1500;
				LastUpgradeCheck = 1500;
				TargetAttributes = {
					4463214C206F029C3B6CF93B = {
						CreatedOnToolsVersion = 15.0;
					};
				};
			};
			buildConfigurationList = AD1FAECF431DB1192FDD043C;
			compatibilityVersion = "Xcode 14.0";
			developmentRegion = en;
			hasScannedForEncodings = 0;
			knownRegions = (
				en,
				Base,
			);
			mainGroup = 0FC4D4225F8AED18EE7FD8F8;
			productRefGroup = C769FEA752C22F7B25D62158;
			projectDirPath = "";
			projectRoot = "";
			targets = (
				4463214C206F029C3B6CF93B,
			);
		};
/* End PBXProject section */

/* Begin PBXResourcesBuildPhase section */
		7EDFEA8F93482F045AEE22C6 /* Resources */ = {
			isa = PBXResourcesBuildPhase;
			buildActionMask = 2147483647;
			files = (
				9C4613ADC9B57FC436F0057B /* Assets.xcassets in Resources */,
				8BE3FD3DC3C460B44F100F2E /* Preview Assets.xcassets in Resources */,
			);
			runOnlyForDeploymentPostprocessing = 0;
		};
/* End PBXResourcesBuildPhase section */

/* Begin PBXSourcesBuildPhase section */
		A0C8AC3BB31C2095048B84B1 /* Sources */ = {
			isa = PBXSourcesBuildPhase;
			buildActionMask = 2147483647;
			files = (
				080D17A83182CD33DDCEFEE7 /* AppCoordinator.swift in Sources */,
				9E60F864F441CF65B83D818A /* AppStore.swift in Sources */,
				AA75D484B1D30B2D64C55FD3 /* AppColors.swift in Sources */,
				7194B7A38BF364F1D5147D88 /* AppTypography.swift in Sources */,
				A32FEE96528451E3AA03DE1B /* GlassCard.swift in Sources */,
				CDA9807F4496729A32FECC42 /* GradientBackground.swift in Sources */,
				C91C82DFF26C94B98B65E584 /* PageIndicator.swift in Sources */,
				187BDFAA22AEE194740A56C7 /* PrimaryButton.swift in Sources */,
				75DED1E49FD3556399FB06DE /* AddWarrantyView.swift in Sources */,
				E7A0997F1D19B7D57707BD5B /* CameraPicker.swift in Sources */,
				49C08C7C48D4D59962336777 /* LocationPickerView.swift in Sources */,
				190D98B557B268DEF1B6906F /* AuthenticationView.swift in Sources */,
				9F51A559E62A9547D99E16A8 /* MainAppPlaceholderView.swift in Sources */,
				6A50B6D38BEE6D33DCC6A4D6 /* ClaimChatView.swift in Sources */,
				27B07B4BB2078A4D5FD9A421 /* ClaimsListView.swift in Sources */,
				B5418D5D20B56D2DBE53B31B /* ClaimStatusView.swift in Sources */,
				FFF0AB086A7831F262AA6A3B /* FileClaimView.swift in Sources */,
				C3C5A621ED993637E797C407 /* DashboardView.swift in Sources */,
				2131A1400F5B9770FF75EA63 /* HouseholdCreateJoinView.swift in Sources */,
				727A698B7AB2DACC8EA049E2 /* HouseholdHubView.swift in Sources */,
				B4535682A8FCA815384A59D1 /* InviteMemberView.swift in Sources */,
				B31F0C9483A91853F7C8F79B /* MainTabView.swift in Sources */,
				5E288C0AE3355E56A76AEA44 /* OnboardingContainerView.swift in Sources */,
				CFAE7D880189922883935864 /* OnboardingData.swift in Sources */,
				FF3614C9969C655B360882AC /* OnboardingIllustrationView.swift in Sources */,
				CC7BA39AEEEF90C68C2B3F95 /* OnboardingPageView.swift in Sources */,
				5CEABA0D97701AF4125EF0F5 /* ProfileView.swift in Sources */,
				FE18840EEFE27BFEED02B3F0 /* SplashView.swift in Sources */,
				120368A61C1AD96083CC3C51 /* WarrantyDetailView.swift in Sources */,
				61DF2F924F9671B11D5FF995 /* Claim.swift in Sources */,
				0479360A5A42B9DF4D703D7E /* Household.swift in Sources */,
				D70E031C9280F1D196142A9A /* MockData.swift in Sources */,
				D240F337153C0F769B7087AF /* Warranty.swift in Sources */,
				810EBA880308D9227B6EDBF6 /* ActivityEntry+Bridge.swift in Sources */,
				4091E80973510EB7EDCA8D28 /* Claim+Bridge.swift in Sources */,
				7E3B033B23443735025B73A5 /* Warranty+Bridge.swift in Sources */,
				8E84165FBA59C65C03B3409C /* CalendarService.swift in Sources */,
				3D56A0A5904BBB61177C5B32 /* ActivityEntity+CoreDataClass.swift in Sources */,
				E3D799E6CDCE0F0302038E34 /* ActivityEntity+CoreDataProperties.swift in Sources */,
				1470AA848B0F828AD5F86463 /* ClaimEntity+CoreDataClass.swift in Sources */,
				875DD61EB0B341FBB313E6CF /* ClaimEntity+CoreDataProperties.swift in Sources */,
				09F01F53591CEEF0B7C10FE4 /* WarrantyEntity+CoreDataClass.swift in Sources */,
				9803F7CBC316BB8060ED16A5 /* WarrantyEntity+CoreDataProperties.swift in Sources */,
				5CF68C559D36CB928C31585A /* ImageProcessing.swift in Sources */,
				C87BAB3D4406779D878A957F /* LocationService.swift in Sources */,
				533D78D209768B0620E806B4 /* NotificationService.swift in Sources */,
				C2547F273BC1D92C0CE36C8F /* PersistenceController.swift in Sources */,
				67A5D492E2010B560E6666D4 /* ReceiptScanner.swift in Sources */,
				09A4B4018EE19DB9F182FB10 /* WarrantyVaultApp.swift in Sources */,
				75A5C27DF026105D470D59C2 /* WarrantyVault.xcdatamodeld in Sources */,
			);
			runOnlyForDeploymentPostprocessing = 0;
		};
/* End PBXSourcesBuildPhase section */

/* Begin XCVersionGroup section */
		8A33099F64A214C051F2B74C /* WarrantyVault.xcdatamodeld */ = {
			isa = XCVersionGroup;
			children = (
				A76F63FEB525BAB2DC000E15 /* WarrantyVault 2.xcdatamodel */,
				E78A845584175F04D717E134 /* WarrantyVault 3.xcdatamodel */,
				8B241F3F735E85EE0A4C7A95 /* WarrantyVault 4.xcdatamodel */,
				211E0E3500BECD7248EC6A15 /* WarrantyVault 5.xcdatamodel */,
				EE093E46BBB7A5A72250A01C /* WarrantyVault.xcdatamodel */,
			);
			currentVersion = 211E0E3500BECD7248EC6A15 /* WarrantyVault 5.xcdatamodel */;
			path = "WarrantyVault.xcdatamodeld";
			sourceTree = "<group>";
			versionGroupType = wrapper.xcdatamodel;
		};
/* End XCVersionGroup section */

/* Begin XCBuildConfiguration section */
		393195A78D1A00C4A1A3A581 /* Debug */ = {
			isa = XCBuildConfiguration;
			buildSettings = {
				ALWAYS_SEARCH_USER_PATHS = NO;
				CLANG_ANALYZER_NONNULL = YES;
				CLANG_ANALYZER_NUMBER_OBJECT_CONVERSION = YES_AGGRESSIVE;
				CLANG_CXX_LANGUAGE_STANDARD = "gnu++20";
				CLANG_ENABLE_MODULES = YES;
				CLANG_ENABLE_OBJC_ARC = YES;
				CLANG_ENABLE_OBJC_WEAK = YES;
				CLANG_WARN_BLOCK_CAPTURE_AUTORELEASING = YES;
				CLANG_WARN_BOOL_CONVERSION = YES;
				CLANG_WARN_COMMA = YES;
				CLANG_WARN_CONSTANT_CONVERSION = YES;
				CLANG_WARN_DEPRECATED_OBJC_IMPLEMENTATIONS = YES;
				CLANG_WARN_DIRECT_OBJC_ISA_USAGE = YES_ERROR;
				CLANG_WARN_DOCUMENTATION_COMMENTS = YES;
				CLANG_WARN_EMPTY_BODY = YES;
				CLANG_WARN_ENUM_CONVERSION = YES;
				CLANG_WARN_INFINITE_RECURSION = YES;
				CLANG_WARN_INT_CONVERSION = YES;
				CLANG_WARN_NON_LITERAL_NULL_CONVERSION = YES;
				CLANG_WARN_OBJC_IMPLICIT_RETAIN_SELF = YES;
				CLANG_WARN_OBJC_LITERAL_CONVERSION = YES;
				CLANG_WARN_OBJC_ROOT_CLASS = YES_ERROR;
				CLANG_WARN_QUOTED_INCLUDE_IN_FRAMEWORK_HEADER = YES;
				CLANG_WARN_RANGE_LOOP_ANALYSIS = YES;
				CLANG_WARN_STRICT_PROTOTYPES = YES;
				CLANG_WARN_SUSPICIOUS_MOVE = YES;
				CLANG_WARN_UNGUARDED_AVAILABILITY = YES_AGGRESSIVE;
				CLANG_WARN_UNREACHABLE_CODE = YES;
				CLANG_WARN__DUPLICATE_METHOD_MATCH = YES;
				COPY_PHASE_STRIP = NO;
				ENABLE_STRICT_OBJC_MSGSEND = YES;
				ENABLE_USER_SCRIPT_SANDBOXING = YES;
				GCC_C_LANGUAGE_STANDARD = gnu17;
				GCC_NO_COMMON_BLOCKS = YES;
				GCC_WARN_64_TO_32_BIT_CONVERSION = YES;
				GCC_WARN_ABOUT_RETURN_TYPE = YES_ERROR;
				GCC_WARN_UNDECLARED_SELECTOR = YES;
				GCC_WARN_UNINITIALIZED_AUTOS = YES_AGGRESSIVE;
				GCC_WARN_UNUSED_FUNCTION = YES;
				GCC_WARN_UNUSED_VARIABLE = YES;
				IPHONEOS_DEPLOYMENT_TARGET = 17.0;
				LOCALIZATION_PREFERS_STRING_CATALOGS = YES;
				MTL_FAST_MATH = YES;
				SDKROOT = iphoneos;
				SWIFT_EMIT_LOC_STRINGS = YES;
				SWIFT_VERSION = 5.0;
				TARGETED_DEVICE_FAMILY = "1,2";
				DEBUG_INFORMATION_FORMAT = dwarf;
				ENABLE_TESTABILITY = YES;
				GCC_DYNAMIC_NO_PIC = NO;
				GCC_OPTIMIZATION_LEVEL = 0;
				GCC_PREPROCESSOR_DEFINITIONS = (
					"DEBUG=1",
					"$(inherited)",
				);
				MTL_ENABLE_DEBUG_INFO = INCLUDE_SOURCE;
				ONLY_ACTIVE_ARCH = YES;
				SWIFT_ACTIVE_COMPILATION_CONDITIONS = "DEBUG $(inherited)";
				SWIFT_OPTIMIZATION_LEVEL = "-Onone";
			};
			name = Debug;
		};
		51F2FFCAAA985AA2266B47B0 /* Release */ = {
			isa = XCBuildConfiguration;
			buildSettings = {
				ALWAYS_SEARCH_USER_PATHS = NO;
				CLANG_ANALYZER_NONNULL = YES;
				CLANG_ANALYZER_NUMBER_OBJECT_CONVERSION = YES_AGGRESSIVE;
				CLANG_CXX_LANGUAGE_STANDARD = "gnu++20";
				CLANG_ENABLE_MODULES = YES;
				CLANG_ENABLE_OBJC_ARC = YES;
				CLANG_ENABLE_OBJC_WEAK = YES;
				CLANG_WARN_BLOCK_CAPTURE_AUTORELEASING = YES;
				CLANG_WARN_BOOL_CONVERSION = YES;
				CLANG_WARN_COMMA = YES;
				CLANG_WARN_CONSTANT_CONVERSION = YES;
				CLANG_WARN_DEPRECATED_OBJC_IMPLEMENTATIONS = YES;
				CLANG_WARN_DIRECT_OBJC_ISA_USAGE = YES_ERROR;
				CLANG_WARN_DOCUMENTATION_COMMENTS = YES;
				CLANG_WARN_EMPTY_BODY = YES;
				CLANG_WARN_ENUM_CONVERSION = YES;
				CLANG_WARN_INFINITE_RECURSION = YES;
				CLANG_WARN_INT_CONVERSION = YES;
				CLANG_WARN_NON_LITERAL_NULL_CONVERSION = YES;
				CLANG_WARN_OBJC_IMPLICIT_RETAIN_SELF = YES;
				CLANG_WARN_OBJC_LITERAL_CONVERSION = YES;
				CLANG_WARN_OBJC_ROOT_CLASS = YES_ERROR;
				CLANG_WARN_QUOTED_INCLUDE_IN_FRAMEWORK_HEADER = YES;
				CLANG_WARN_RANGE_LOOP_ANALYSIS = YES;
				CLANG_WARN_STRICT_PROTOTYPES = YES;
				CLANG_WARN_SUSPICIOUS_MOVE = YES;
				CLANG_WARN_UNGUARDED_AVAILABILITY = YES_AGGRESSIVE;
				CLANG_WARN_UNREACHABLE_CODE = YES;
				CLANG_WARN__DUPLICATE_METHOD_MATCH = YES;
				COPY_PHASE_STRIP = NO;
				ENABLE_STRICT_OBJC_MSGSEND = YES;
				ENABLE_USER_SCRIPT_SANDBOXING = YES;
				GCC_C_LANGUAGE_STANDARD = gnu17;
				GCC_NO_COMMON_BLOCKS = YES;
				GCC_WARN_64_TO_32_BIT_CONVERSION = YES;
				GCC_WARN_ABOUT_RETURN_TYPE = YES_ERROR;
				GCC_WARN_UNDECLARED_SELECTOR = YES;
				GCC_WARN_UNINITIALIZED_AUTOS = YES_AGGRESSIVE;
				GCC_WARN_UNUSED_FUNCTION = YES;
				GCC_WARN_UNUSED_VARIABLE = YES;
				IPHONEOS_DEPLOYMENT_TARGET = 17.0;
				LOCALIZATION_PREFERS_STRING_CATALOGS = YES;
				MTL_FAST_MATH = YES;
				SDKROOT = iphoneos;
				SWIFT_EMIT_LOC_STRINGS = YES;
				SWIFT_VERSION = 5.0;
				TARGETED_DEVICE_FAMILY = "1,2";
				DEBUG_INFORMATION_FORMAT = "dwarf-with-dsym";
				ENABLE_NS_ASSERTIONS = NO;
				MTL_ENABLE_DEBUG_INFO = NO;
				SWIFT_COMPILATION_MODE = wholemodule;
				VALIDATE_PRODUCT = YES;
			};
			name = Release;
		};
		5B88EAD902712E46E80CBBD6 /* Debug */ = {
			isa = XCBuildConfiguration;
			buildSettings = {
				ASSETCATALOG_COMPILER_APPICON_NAME = AppIcon;
				ASSETCATALOG_COMPILER_GLOBAL_ACCENT_COLOR_NAME = AccentColor;
				CODE_SIGN_STYLE = Automatic;
				CURRENT_PROJECT_VERSION = 1;
				DEVELOPMENT_ASSET_PATHS = "\"WarrantyVault/Preview Content\"";
				ENABLE_PREVIEWS = YES;
				GENERATE_INFOPLIST_FILE = YES;
				INFOPLIST_KEY_NSCalendarsFullAccessUsageDescription = "Used to add warranty expiry dates to your calendar.";
				INFOPLIST_KEY_NSCalendarsUsageDescription = "Used to add warranty expiry dates to your calendar.";
				INFOPLIST_KEY_NSCameraUsageDescription = "Used to capture receipt images of your purchases.";
				INFOPLIST_KEY_NSFaceIDUsageDescription = "WarrantyVault uses Face ID to unlock your vault.";
				INFOPLIST_KEY_NSLocationWhenInUseUsageDescription = "Used to remember where you bought your warranties.";
				INFOPLIST_KEY_NSPhotoLibraryUsageDescription = "Used to attach receipt images to your warranties.";
				INFOPLIST_KEY_UIApplicationSceneManifest_Generation = YES;
				INFOPLIST_KEY_UIApplicationSupportsIndirectInputEvents = YES;
				INFOPLIST_KEY_UILaunchScreen_Generation = YES;
				INFOPLIST_KEY_UISupportedInterfaceOrientations_iPad = "UIInterfaceOrientationPortrait UIInterfaceOrientationPortraitUpsideDown UIInterfaceOrientationLandscapeLeft UIInterfaceOrientationLandscapeRight";
				INFOPLIST_KEY_UISupportedInterfaceOrientations_iPhone = "UIInterfaceOrientationPortrait UIInterfaceOrientationLandscapeLeft UIInterfaceOrientationLandscapeRight";
				LD_RUNPATH_SEARCH_PATHS = (
					"$(inherited)",
					"@executable_path/Frameworks",
				);
				MARKETING_VERSION = 1.0;
				PRODUCT_BUNDLE_IDENTIFIER = com.warrantyvault.app;
				PRODUCT_NAME = "$(TARGET_NAME)";
				SWIFT_EMIT_LOC_STRINGS = YES;
				SWIFT_VERSION = 5.0;
				TARGETED_DEVICE_FAMILY = "1,2";
			};
			name = Debug;
		};
		FB624DD8FCE6597D818BFE5D /* Release */ = {
			isa = XCBuildConfiguration;
			buildSettings = {
				ASSETCATALOG_COMPILER_APPICON_NAME = AppIcon;
				ASSETCATALOG_COMPILER_GLOBAL_ACCENT_COLOR_NAME = AccentColor;
				CODE_SIGN_STYLE = Automatic;
				CURRENT_PROJECT_VERSION = 1;
				DEVELOPMENT_ASSET_PATHS = "\"WarrantyVault/Preview Content\"";
				ENABLE_PREVIEWS = YES;
				GENERATE_INFOPLIST_FILE = YES;
				INFOPLIST_KEY_NSCalendarsFullAccessUsageDescription = "Used to add warranty expiry dates to your calendar.";
				INFOPLIST_KEY_NSCalendarsUsageDescription = "Used to add warranty expiry dates to your calendar.";
				INFOPLIST_KEY_NSCameraUsageDescription = "Used to capture receipt images of your purchases.";
				INFOPLIST_KEY_NSFaceIDUsageDescription = "WarrantyVault uses Face ID to unlock your vault.";
				INFOPLIST_KEY_NSLocationWhenInUseUsageDescription = "Used to remember where you bought your warranties.";
				INFOPLIST_KEY_NSPhotoLibraryUsageDescription = "Used to attach receipt images to your warranties.";
				INFOPLIST_KEY_UIApplicationSceneManifest_Generation = YES;
				INFOPLIST_KEY_UIApplicationSupportsIndirectInputEvents = YES;
				INFOPLIST_KEY_UILaunchScreen_Generation = YES;
				INFOPLIST_KEY_UISupportedInterfaceOrientations_iPad = "UIInterfaceOrientationPortrait UIInterfaceOrientationPortraitUpsideDown UIInterfaceOrientationLandscapeLeft UIInterfaceOrientationLandscapeRight";
				INFOPLIST_KEY_UISupportedInterfaceOrientations_iPhone = "UIInterfaceOrientationPortrait UIInterfaceOrientationLandscapeLeft UIInterfaceOrientationLandscapeRight";
				LD_RUNPATH_SEARCH_PATHS = (
					"$(inherited)",
					"@executable_path/Frameworks",
				);
				MARKETING_VERSION = 1.0;
				PRODUCT_BUNDLE_IDENTIFIER = com.warrantyvault.app;
				PRODUCT_NAME = "$(TARGET_NAME)";
				SWIFT_EMIT_LOC_STRINGS = YES;
				SWIFT_VERSION = 5.0;
				TARGETED_DEVICE_FAMILY = "1,2";
			};
			name = Release;
		};
/* End XCBuildConfiguration section */

/* Begin XCConfigurationList section */
		AD1FAECF431DB1192FDD043C = {
			isa = XCConfigurationList;
			buildConfigurations = (
				393195A78D1A00C4A1A3A581 /* Debug */,
				51F2FFCAAA985AA2266B47B0 /* Release */,
			);
			defaultConfigurationIsVisible = 0;
			defaultConfigurationName = Release;
		};
		5BB661493CBAB43CD07D2832 = {
			isa = XCConfigurationList;
			buildConfigurations = (
				5B88EAD902712E46E80CBBD6 /* Debug */,
				FB624DD8FCE6597D818BFE5D /* Release */,
			);
			defaultConfigurationIsVisible = 0;
			defaultConfigurationName = Release;
		};
/* End XCConfigurationList section */
	};
	rootObject = 4907EFA227030F13220C7AA7 /* Project object */;
}
